// !$*UTF8*$!
{
	archiveVersion = 1;
	classes = {
	};
	objectVersion = 50;
	objects = {

/* Begin PBXBuildFile section */
		037B709AEB5DA5643DD3F746 /* Pods_Count_RxSwiftUITests.framework in Frameworks */ = {isa = PBXBuildFile; fileRef = 818C309F7F563AC36C0C34A5 /* Pods_Count_RxSwiftUITests.framework */; };
		2B3A746E214F5C8B00EAEA39 /* AppDelegate.swift in Sources */ = {isa = PBXBuildFile; fileRef = 2B3A746D214F5C8B00EAEA39 /* AppDelegate.swift */; };
		2B3A7470214F5C8B00EAEA39 /* HomeViewController.swift in Sources */ = {isa = PBXBuildFile; fileRef = 2B3A746F214F5C8B00EAEA39 /* HomeViewController.swift */; };
		2B3A7473214F5C8B00EAEA39 /* Main.storyboard in Resources */ = {isa = PBXBuildFile; fileRef = 2B3A7471214F5C8B00EAEA39 /* Main.storyboard */; };
		2B3A7475214F5C8D00EAEA39 /* Assets.xcassets in Resources */ = {isa = PBXBuildFile; fileRef = 2B3A7474214F5C8D00EAEA39 /* Assets.xcassets */; };
		2B3A7478214F5C8D00EAEA39 /* LaunchScreen.storyboard in Resources */ = {isa = PBXBuildFile; fileRef = 2B3A7476214F5C8D00EAEA39 /* LaunchScreen.storyboard */; };
		2B3A7483214F5C8D00EAEA39 /* Count_RxSwiftTests.swift in Sources */ = {isa = PBXBuildFile; fileRef = 2B3A7482214F5C8D00EAEA39 /* Count_RxSwiftTests.swift */; };
		2B3A748E214F5C8D00EAEA39 /* Count_RxSwiftUITests.swift in Sources */ = {isa = PBXBuildFile; fileRef = 2B3A748D214F5C8D00EAEA39 /* Count_RxSwiftUITests.swift */; };
		2B9E67C422CF4A50002E0197 /* HomeViewModel.swift in Sources */ = {isa = PBXBuildFile; fileRef = 2B9E67C322CF4A50002E0197 /* HomeViewModel.swift */; };
		2BC8EA3422D508D60038EDD0 /* CountModel.swift in Sources */ = {isa = PBXBuildFile; fileRef = 2BC8EA3322D508D60038EDD0 /* CountModel.swift */; };
		2BDF87672335FDB300C79FE8 /* ObservableType+extension.swift in Sources */ = {isa = PBXBuildFile; fileRef = 2BDF87662335FDB300C79FE8 /* ObservableType+extension.swift */; };
		36C718E17ACDE8D5424C5FA0 /* Pods_Count_RxSwiftTests.framework in Frameworks */ = {isa = PBXBuildFile; fileRef = 0C25A31DF484385A47ADEEA8 /* Pods_Count_RxSwiftTests.framework */; };
		6F6518CBD7EF343A0544AC31 /* Pods_Count_RxSwift.framework in Frameworks */ = {isa = PBXBuildFile; fileRef = 86E44468B7F17D0B0E24B034 /* Pods_Count_RxSwift.framework */; };
/* End PBXBuildFile section */

/* Begin PBXContainerItemProxy section */
		2B3A747F214F5C8D00EAEA39 /* PBXContainerItemProxy */ = {
			isa = PBXContainerItemProxy;
			containerPortal = 2B3A7462214F5C8B00EAEA39 /* Project object */;
			proxyType = 1;
			remoteGlobalIDString = 2B3A7469214F5C8B00EAEA39;
			remoteInfo = "Count-RxSwift";
		};
		2B3A748A214F5C8D00EAEA39 /* PBXContainerItemProxy */ = {
			isa = PBXContainerItemProxy;
			containerPortal = 2B3A7462214F5C8B00EAEA39 /* Project object */;
			proxyType = 1;
			remoteGlobalIDString = 2B3A7469214F5C8B00EAEA39;
			remoteInfo = "Count-RxSwift";
		};
/* End PBXContainerItemProxy section */

/* Begin PBXFileReference section */
		048BD51BA1C8295536E0AE4B /* Pods-Count-RxSwiftTests.release.xcconfig */ = {isa = PBXFileReference; includeInIndex = 1; lastKnownFileType = text.xcconfig; name = "Pods-Count-RxSwiftTests.release.xcconfig"; path = "Pods/Target Support Files/Pods-Count-RxSwiftTests/Pods-Count-RxSwiftTests.release.xcconfig"; sourceTree = "<group>"; };
		0C25A31DF484385A47ADEEA8 /* Pods_Count_RxSwiftTests.framework */ = {isa = PBXFileReference; explicitFileType = wrapper.framework; includeInIndex = 0; path = Pods_Count_RxSwiftTests.framework; sourceTree = BUILT_PRODUCTS_DIR; };
		2B3A746A214F5C8B00EAEA39 /* Count-RxSwift.app */ = {isa = PBXFileReference; explicitFileType = wrapper.application; includeInIndex = 0; path = "Count-RxSwift.app"; sourceTree = BUILT_PRODUCTS_DIR; };
		2B3A746D214F5C8B00EAEA39 /* AppDelegate.swift */ = {isa = PBXFileReference; lastKnownFileType = sourcecode.swift; path = AppDelegate.swift; sourceTree = "<group>"; };
		2B3A746F214F5C8B00EAEA39 /* HomeViewController.swift */ = {isa = PBXFileReference; lastKnownFileType = sourcecode.swift; path = HomeViewController.swift; sourceTree = "<group>"; };
		2B3A7472214F5C8B00EAEA39 /* Base */ = {isa = PBXFileReference; lastKnownFileType = file.storyboard; name = Base; path = Base.lproj/Main.storyboard; sourceTree = "<group>"; };
		2B3A7474214F5C8D00EAEA39 /* Assets.xcassets */ = {isa = PBXFileReference; lastKnownFileType = folder.assetcatalog; path = Assets.xcassets; sourceTree = "<group>"; };
		2B3A7477214F5C8D00EAEA39 /* Base */ = {isa = PBXFileReference; lastKnownFileType = file.storyboard; name = Base; path = Base.lproj/LaunchScreen.storyboard; sourceTree = "<group>"; };
		2B3A7479214F5C8D00EAEA39 /* Info.plist */ = {isa = PBXFileReference; lastKnownFileType = text.plist.xml; path = Info.plist; sourceTree = "<group>"; };
		2B3A747E214F5C8D00EAEA39 /* Count-RxSwiftTests.xctest */ = {isa = PBXFileReference; explicitFileType = wrapper.cfbundle; includeInIndex = 0; path = "Count-RxSwiftTests.xctest"; sourceTree = BUILT_PRODUCTS_DIR; };
		2B3A7482214F5C8D00EAEA39 /* Count_RxSwiftTests.swift */ = {isa = PBXFileReference; lastKnownFileType = sourcecode.swift; path = Count_RxSwiftTests.swift; sourceTree = "<group>"; };
		2B3A7484214F5C8D00EAEA39 /* Info.plist */ = {isa = PBXFileReference; lastKnownFileType = text.plist.xml; path = Info.plist; sourceTree = "<group>"; };
		2B3A7489214F5C8D00EAEA39 /* Count-RxSwiftUITests.xctest */ = {isa = PBXFileReference; explicitFileType = wrapper.cfbundle; includeInIndex = 0; path = "Count-RxSwiftUITests.xctest"; sourceTree = BUILT_PRODUCTS_DIR; };
		2B3A748D214F5C8D00EAEA39 /* Count_RxSwiftUITests.swift */ = {isa = PBXFileReference; lastKnownFileType = sourcecode.swift; path = Count_RxSwiftUITests.swift; sourceTree = "<group>"; };
		2B3A748F214F5C8D00EAEA39 /* Info.plist */ = {isa = PBXFileReference; lastKnownFileType = text.plist.xml; path = Info.plist; sourceTree = "<group>"; };
		2B9E67C322CF4A50002E0197 /* HomeViewModel.swift */ = {isa = PBXFileReference; lastKnownFileType = sourcecode.swift; path = HomeViewModel.swift; sourceTree = "<group>"; };
		2BC8EA3322D508D60038EDD0 /* CountModel.swift */ = {isa = PBXFileReference; lastKnownFileType = sourcecode.swift; path = CountModel.swift; sourceTree = "<group>"; };
		2BDF87662335FDB300C79FE8 /* ObservableType+extension.swift */ = {isa = PBXFileReference; lastKnownFileType = sourcecode.swift; path = "ObservableType+extension.swift"; sourceTree = "<group>"; };
		54DD2B701CC95EBBCAC8A3CB /* Pods-Count-RxSwiftTests.debug.xcconfig */ = {isa = PBXFileReference; includeInIndex = 1; lastKnownFileType = text.xcconfig; name = "Pods-Count-RxSwiftTests.debug.xcconfig"; path = "Pods/Target Support Files/Pods-Count-RxSwiftTests/Pods-Count-RxSwiftTests.debug.xcconfig"; sourceTree = "<group>"; };
		818C309F7F563AC36C0C34A5 /* Pods_Count_RxSwiftUITests.framework */ = {isa = PBXFileReference; explicitFileType = wrapper.framework; includeInIndex = 0; path = Pods_Count_RxSwiftUITests.framework; sourceTree = BUILT_PRODUCTS_DIR; };
		86E44468B7F17D0B0E24B034 /* Pods_Count_RxSwift.framework */ = {isa = PBXFileReference; explicitFileType = wrapper.framework; includeInIndex = 0; path = Pods_Count_RxSwift.framework; sourceTree = BUILT_PRODUCTS_DIR; };
		8DFBA7BCCEC366B1B01FA08B /* Pods-Count-RxSwift.debug.xcconfig */ = {isa = PBXFileReference; includeInIndex = 1; lastKnownFileType = text.xcconfig; name = "Pods-Count-RxSwift.debug.xcconfig"; path = "Pods/Target Support Files/Pods-Count-RxSwift/Pods-Count-RxSwift.debug.xcconfig"; sourceTree = "<group>"; };
		AE94050FE970D212564A7474 /* Pods-Count-RxSwiftUITests.release.xcconfig */ = {isa = PBXFileReference; includeInIndex = 1; lastKnownFileType = text.xcconfig; name = "Pods-Count-RxSwiftUITests.release.xcconfig"; path = "Pods/Target Support Files/Pods-Count-RxSwiftUITests/Pods-Count-RxSwiftUITests.release.xcconfig"; sourceTree = "<group>"; };
		CE6BB263E20A4DADC2AA4EE4 /* Pods-Count-RxSwift.release.xcconfig */ = {isa = PBXFileReference; includeInIndex = 1; lastKnownFileType = text.xcconfig; name = "Pods-Count-RxSwift.release.xcconfig"; path = "Pods/Target Support Files/Pods-Count-RxSwift/Pods-Count-RxSwift.release.xcconfig"; sourceTree = "<group>"; };
		E03A56D93ACCEE90B428F6B8 /* Pods-Count-RxSwiftUITests.debug.xcconfig */ = {isa = PBXFileReference; includeInIndex = 1; lastKnownFileType = text.xcconfig; name = "Pods-Count-RxSwiftUITests.debug.xcconfig"; path = "Pods/Target Support Files/Pods-Count-RxSwiftUITests/Pods-Count-RxSwiftUITests.debug.xcconfig"; sourceTree = "<group>"; };
/* End PBXFileReference section */

/* Begin PBXFrameworksBuildPhase section */
		2B3A7467214F5C8B00EAEA39 /* Frameworks */ = {
			isa = PBXFrameworksBuildPhase;
			buildActionMask = 2147483647;
			files = (
				6F6518CBD7EF343A0544AC31 /* Pods_Count_RxSwift.framework in Frameworks */,
			);
			runOnlyForDeploymentPostprocessing = 0;
		};
		2B3A747B214F5C8D00EAEA39 /* Frameworks */ = {
			isa = PBXFrameworksBuildPhase;
			buildActionMask = 2147483647;
			files = (
				36C718E17ACDE8D5424C5FA0 /* Pods_Count_RxSwiftTests.framework in Frameworks */,
			);
			runOnlyForDeploymentPostprocessing = 0;
		};
		2B3A7486214F5C8D00EAEA39 /* Frameworks */ = {
			isa = PBXFrameworksBuildPhase;
			buildActionMask = 2147483647;
			files = (
				037B709AEB5DA5643DD3F746 /* Pods_Count_RxSwiftUITests.framework in Frameworks */,
			);
			runOnlyForDeploymentPostprocessing = 0;
		};
/* End PBXFrameworksBuildPhase section */

/* Begin PBXGroup section */
		2B3A7461214F5C8B00EAEA39 = {
			isa = PBXGroup;
			children = (
				2B3A746C214F5C8B00EAEA39 /* Count-RxSwift */,
				2B3A7481214F5C8D00EAEA39 /* Count-RxSwiftTests */,
				2B3A748C214F5C8D00EAEA39 /* Count-RxSwiftUITests */,
				2B3A746B214F5C8B00EAEA39 /* Products */,
				B87935C77A71819EC33A9A3F /* Pods */,
				B439044D43BEF46BC69CE637 /* Frameworks */,
			);
			sourceTree = "<group>";
		};
		2B3A746B214F5C8B00EAEA39 /* Products */ = {
			isa = PBXGroup;
			children = (
				2B3A746A214F5C8B00EAEA39 /* Count-RxSwift.app */,
				2B3A747E214F5C8D00EAEA39 /* Count-RxSwiftTests.xctest */,
				2B3A7489214F5C8D00EAEA39 /* Count-RxSwiftUITests.xctest */,
			);
			name = Products;
			sourceTree = "<group>";
		};
		2B3A746C214F5C8B00EAEA39 /* Count-RxSwift */ = {
			isa = PBXGroup;
			children = (
				2B3A746D214F5C8B00EAEA39 /* AppDelegate.swift */,
				2B3A746F214F5C8B00EAEA39 /* HomeViewController.swift */,
				2BDF87662335FDB300C79FE8 /* ObservableType+extension.swift */,
				2B9E67C322CF4A50002E0197 /* HomeViewModel.swift */,
				2BC8EA3322D508D60038EDD0 /* CountModel.swift */,
				2B3A7471214F5C8B00EAEA39 /* Main.storyboard */,
				2B3A7474214F5C8D00EAEA39 /* Assets.xcassets */,
				2B3A7476214F5C8D00EAEA39 /* LaunchScreen.storyboard */,
				2B3A7479214F5C8D00EAEA39 /* Info.plist */,
			);
			path = "Count-RxSwift";
			sourceTree = "<group>";
		};
		2B3A7481214F5C8D00EAEA39 /* Count-RxSwiftTests */ = {
			isa = PBXGroup;
			children = (
				2B3A7482214F5C8D00EAEA39 /* Count_RxSwiftTests.swift */,
				2B3A7484214F5C8D00EAEA39 /* Info.plist */,
			);
			path = "Count-RxSwiftTests";
			sourceTree = "<group>";
		};
		2B3A748C214F5C8D00EAEA39 /* Count-RxSwiftUITests */ = {
			isa = PBXGroup;
			children = (
				2B3A748D214F5C8D00EAEA39 /* Count_RxSwiftUITests.swift */,
				2B3A748F214F5C8D00EAEA39 /* Info.plist */,
			);
			path = "Count-RxSwiftUITests";
			sourceTree = "<group>";
		};
		B439044D43BEF46BC69CE637 /* Frameworks */ = {
			isa = PBXGroup;
			children = (
				86E44468B7F17D0B0E24B034 /* Pods_Count_RxSwift.framework */,
				0C25A31DF484385A47ADEEA8 /* Pods_Count_RxSwiftTests.framework */,
				818C309F7F563AC36C0C34A5 /* Pods_Count_RxSwiftUITests.framework */,
			);
			name = Frameworks;
			sourceTree = "<group>";
		};
		B87935C77A71819EC33A9A3F /* Pods */ = {
			isa = PBXGroup;
			children = (
				8DFBA7BCCEC366B1B01FA08B /* Pods-Count-RxSwift.debug.xcconfig */,
				CE6BB263E20A4DADC2AA4EE4 /* Pods-Count-RxSwift.release.xcconfig */,
				54DD2B701CC95EBBCAC8A3CB /* Pods-Count-RxSwiftTests.debug.xcconfig */,
				048BD51BA1C8295536E0AE4B /* Pods-Count-RxSwiftTests.release.xcconfig */,
				E03A56D93ACCEE90B428F6B8 /* Pods-Count-RxSwiftUITests.debug.xcconfig */,
				AE94050FE970D212564A7474 /* Pods-Count-RxSwiftUITests.release.xcconfig */,
			);
			name = Pods;
			sourceTree = "<group>";
		};
/* End PBXGroup section */

/* Begin PBXNativeTarget section */
		2B3A7469214F5C8B00EAEA39 /* Count-RxSwift */ = {
			isa = PBXNativeTarget;
			buildConfigurationList = 2B3A7492214F5C8D00EAEA39 /* Build configuration list for PBXNativeTarget "Count-RxSwift" */;
			buildPhases = (
				829D38DC969BB5EA8845D1FF /* [CP] Check Pods Manifest.lock */,
				2B3A7466214F5C8B00EAEA39 /* Sources */,
				2B3A7467214F5C8B00EAEA39 /* Frameworks */,
				2B3A7468214F5C8B00EAEA39 /* Resources */,
				B6CA186E273F660A8F6D5E38 /* [CP] Embed Pods Frameworks */,
			);
			buildRules = (
			);
			dependencies = (
			);
			name = "Count-RxSwift";
			productName = "Count-RxSwift";
			productReference = 2B3A746A214F5C8B00EAEA39 /* Count-RxSwift.app */;
			productType = "com.apple.product-type.application";
		};
		2B3A747D214F5C8D00EAEA39 /* Count-RxSwiftTests */ = {
			isa = PBXNativeTarget;
			buildConfigurationList = 2B3A7495214F5C8D00EAEA39 /* Build configuration list for PBXNativeTarget "Count-RxSwiftTests" */;
			buildPhases = (
				D66C373CB94D5D3CB597D43C /* [CP] Check Pods Manifest.lock */,
				2B3A747A214F5C8D00EAEA39 /* Sources */,
				2B3A747B214F5C8D00EAEA39 /* Frameworks */,
				2B3A747C214F5C8D00EAEA39 /* Resources */,
			);
			buildRules = (
			);
			dependencies = (
				2B3A7480214F5C8D00EAEA39 /* PBXTargetDependency */,
			);
			name = "Count-RxSwiftTests";
			productName = "Count-RxSwiftTests";
			productReference = 2B3A747E214F5C8D00EAEA39 /* Count-RxSwiftTests.xctest */;
			productType = "com.apple.product-type.bundle.unit-test";
		};
		2B3A7488214F5C8D00EAEA39 /* Count-RxSwiftUITests */ = {
			isa = PBXNativeTarget;
			buildConfigurationList = 2B3A7498214F5C8D00EAEA39 /* Build configuration list for PBXNativeTarget "Count-RxSwiftUITests" */;
			buildPhases = (
				A1B9C843C7B105E162708399 /* [CP] Check Pods Manifest.lock */,
				2B3A7485214F5C8D00EAEA39 /* Sources */,
				2B3A7486214F5C8D00EAEA39 /* Frameworks */,
				2B3A7487214F5C8D00EAEA39 /* Resources */,
			);
			buildRules = (
			);
			dependencies = (
				2B3A748B214F5C8D00EAEA39 /* PBXTargetDependency */,
			);
			name = "Count-RxSwiftUITests";
			productName = "Count-RxSwiftUITests";
			productReference = 2B3A7489214F5C8D00EAEA39 /* Count-RxSwiftUITests.xctest */;
			productType = "com.apple.product-type.bundle.ui-testing";
		};
/* End PBXNativeTarget section */

/* Begin PBXProject section */
		2B3A7462214F5C8B00EAEA39 /* Project object */ = {
			isa = PBXProject;
			attributes = {
				LastSwiftUpdateCheck = 0940;
				LastUpgradeCheck = 0940;
				ORGANIZATIONNAME = "Satoshi Komatsu";
				TargetAttributes = {
					2B3A7469214F5C8B00EAEA39 = {
						CreatedOnToolsVersion = 9.4.1;
					};
					2B3A747D214F5C8D00EAEA39 = {
						CreatedOnToolsVersion = 9.4.1;
						TestTargetID = 2B3A7469214F5C8B00EAEA39;
					};
					2B3A7488214F5C8D00EAEA39 = {
						CreatedOnToolsVersion = 9.4.1;
						TestTargetID = 2B3A7469214F5C8B00EAEA39;
					};
				};
			};
			buildConfigurationList = 2B3A7465214F5C8B00EAEA39 /* Build configuration list for PBXProject "Count-RxSwift" */;
			compatibilityVersion = "Xcode 9.3";
			developmentRegion = en;
			hasScannedForEncodings = 0;
			knownRegions = (
				en,
				Base,
			);
			mainGroup = 2B3A7461214F5C8B00EAEA39;
			productRefGroup = 2B3A746B214F5C8B00EAEA39 /* Products */;
			projectDirPath = "";
			projectRoot = "";
			targets = (
				2B3A7469214F5C8B00EAEA39 /* Count-RxSwift */,
				2B3A747D214F5C8D00EAEA39 /* Count-RxSwiftTests */,
				2B3A7488214F5C8D00EAEA39 /* Count-RxSwiftUITests */,
			);
		};
/* End PBXProject section */

/* Begin PBXResourcesBuildPhase section */
		2B3A7468214F5C8B00EAEA39 /* Resources */ = {
			isa = PBXResourcesBuildPhase;
			buildActionMask = 2147483647;
			files = (
				2B3A7478214F5C8D00EAEA39 /* LaunchScreen.storyboard in Resources */,
				2B3A7475214F5C8D00EAEA39 /* Assets.xcassets in Resources */,
				2B3A7473214F5C8B00EAEA39 /* Main.storyboard in Resources */,
			);
			runOnlyForDeploymentPostprocessing = 0;
		};
		2B3A747C214F5C8D00EAEA39 /* Resources */ = {
			isa = PBXResourcesBuildPhase;
			buildActionMask = 2147483647;
			files = (
			);
			runOnlyForDeploymentPostprocessing = 0;
		};
		2B3A7487214F5C8D00EAEA39 /* Resources */ = {
			isa = PBXResourcesBuildPhase;
			buildActionMask = 2147483647;
			files = (
			);
			runOnlyForDeploymentPostprocessing = 0;
		};
/* End PBXResourcesBuildPhase section */

/* Begin PBXShellScriptBuildPhase section */
		829D38DC969BB5EA8845D1FF /* [CP] Check Pods Manifest.lock */ = {
			isa = PBXShellScriptBuildPhase;
			buildActionMask = 2147483647;
			files = (
			);
			inputFileListPaths = (
			);
			inputPaths = (
				"${PODS_PODFILE_DIR_PATH}/Podfile.lock",
				"${PODS_ROOT}/Manifest.lock",
			);
			name = "[CP] Check Pods Manifest.lock";
			outputFileListPaths = (
			);
			outputPaths = (
				"$(DERIVED_FILE_DIR)/Pods-Count-RxSwift-checkManifestLockResult.txt",
			);
			runOnlyForDeploymentPostprocessing = 0;
			shellPath = /bin/sh;
			shellScript = "diff \"${PODS_PODFILE_DIR_PATH}/Podfile.lock\" \"${PODS_ROOT}/Manifest.lock\" > /dev/null\nif [ $? != 0 ] ; then\n    # print error to STDERR\n    echo \"error: The sandbox is not in sync with the Podfile.lock. Run 'pod install' or update your CocoaPods installation.\" >&2\n    exit 1\nfi\n# This output is used by Xcode 'outputs' to avoid re-running this script phase.\necho \"SUCCESS\" > \"${SCRIPT_OUTPUT_FILE_0}\"\n";
			showEnvVarsInLog = 0;
		};
		A1B9C843C7B105E162708399 /* [CP] Check Pods Manifest.lock */ = {
			isa = PBXShellScriptBuildPhase;
			buildActionMask = 2147483647;
			files = (
			);
			inputFileListPaths = (
			);
			inputPaths = (
				"${PODS_PODFILE_DIR_PATH}/Podfile.lock",
				"${PODS_ROOT}/Manifest.lock",
			);
			name = "[CP] Check Pods Manifest.lock";
			outputFileListPaths = (
			);
			outputPaths = (
				"$(DERIVED_FILE_DIR)/Pods-Count-RxSwiftUITests-checkManifestLockResult.txt",
			);
			runOnlyForDeploymentPostprocessing = 0;
			shellPath = /bin/sh;
			shellScript = "diff \"${PODS_PODFILE_DIR_PATH}/Podfile.lock\" \"${PODS_ROOT}/Manifest.lock\" > /dev/null\nif [ $? != 0 ] ; then\n    # print error to STDERR\n    echo \"error: The sandbox is not in sync with the Podfile.lock. Run 'pod install' or update your CocoaPods installation.\" >&2\n    exit 1\nfi\n# This output is used by Xcode 'outputs' to avoid re-running this script phase.\necho \"SUCCESS\" > \"${SCRIPT_OUTPUT_FILE_0}\"\n";
			showEnvVarsInLog = 0;
		};
		B6CA186E273F660A8F6D5E38 /* [CP] Embed Pods Frameworks */ = {
			isa = PBXShellScriptBuildPhase;
			buildActionMask = 2147483647;
			files = (
			);
			inputFileListPaths = (
			);
			inputPaths = (
				"${SRCROOT}/Pods/Target Support Files/Pods-Count-RxSwift/Pods-Count-RxSwift-frameworks.sh",
				"${BUILT_PRODUCTS_DIR}/RxCocoa/RxCocoa.framework",
				"${BUILT_PRODUCTS_DIR}/RxSwift/RxSwift.framework",
			);
			name = "[CP] Embed Pods Frameworks";
			outputFileListPaths = (
			);
			outputPaths = (
				"${TARGET_BUILD_DIR}/${FRAMEWORKS_FOLDER_PATH}/RxCocoa.framework",
				"${TARGET_BUILD_DIR}/${FRAMEWORKS_FOLDER_PATH}/RxSwift.framework",
			);
			runOnlyForDeploymentPostprocessing = 0;
			shellPath = /bin/sh;
			shellScript = "\"${SRCROOT}/Pods/Target Support Files/Pods-Count-RxSwift/Pods-Count-RxSwift-frameworks.sh\"\n";
			showEnvVarsInLog = 0;
		};
		D66C373CB94D5D3CB597D43C /* [CP] Check Pods Manifest.lock */ = {
			isa = PBXShellScriptBuildPhase;
			buildActionMask = 2147483647;
			files = (
			);
			inputFileListPaths = (
			);
			inputPaths = (
				"${PODS_PODFILE_DIR_PATH}/Podfile.lock",
				"${PODS_ROOT}/Manifest.lock",
			);
			name = "[CP] Check Pods Manifest.lock";
			outputFileListPaths = (
			);
			outputPaths = (
				"$(DERIVED_FILE_DIR)/Pods-Count-RxSwiftTests-checkManifestLockResult.txt",
			);
			runOnlyForDeploymentPostprocessing = 0;
			shellPath = /bin/sh;
			shellScript = "diff \"${PODS_PODFILE_DIR_PATH}/Podfile.lock\" \"${PODS_ROOT}/Manifest.lock\" > /dev/null\nif [ $? != 0 ] ; then\n    # print error to STDERR\n    echo \"error: The sandbox is not in sync with the Podfile.lock. Run 'pod install' or update your CocoaPods installation.\" >&2\n    exit 1\nfi\n# This output is used by Xcode 'outputs' to avoid re-running this script phase.\necho \"SUCCESS\" > \"${SCRIPT_OUTPUT_FILE_0}\"\n";
			showEnvVarsInLog = 0;
		};
/* End PBXShellScriptBuildPhase section */

/* Begin PBXSourcesBuildPhase section */
		2B3A7466214F5C8B00EAEA39 /* Sources */ = {
			isa = PBXSourcesBuildPhase;
			buildActionMask = 2147483647;
			files = (
				2B3A7470214F5C8B00EAEA39 /* HomeViewController.swift in Sources */,
				2BC8EA3422D508D60038EDD0 /* CountModel.swift in Sources */,
				2B9E67C422CF4A50002E0197 /* HomeViewModel.swift in Sources */,
				2B3A746E214F5C8B00EAEA39 /* AppDelegate.swift in Sources */,
				2BDF87672335FDB300C79FE8 /* ObservableType+extension.swift in Sources */,
			);
			runOnlyForDeploymentPostprocessing = 0;
		};
		2B3A747A214F5C8D00EAEA39 /* Sources */ = {
			isa = PBXSourcesBuildPhase;
			buildActionMask = 2147483647;
			files = (
				2B3A7483214F5C8D00EAEA39 /* Count_RxSwiftTests.swift in Sources */,
			);
			runOnlyForDeploymentPostprocessing = 0;
		};
		2B3A7485214F5C8D00EAEA39 /* Sources */ = {
			isa = PBXSourcesBuildPhase;
			buildActionMask = 2147483647;
			files = (
				2B3A748E214F5C8D00EAEA39 /* Count_RxSwiftUITests.swift in Sources */,
			);
			runOnlyForDeploymentPostprocessing = 0;
		};
/* End PBXSourcesBuildPhase section */

/* Begin PBXTargetDependency section */
		2B3A7480214F5C8D00EAEA39 /* PBXTargetDependency */ = {
			isa = PBXTargetDependency;
			target = 2B3A7469214F5C8B00EAEA39 /* Count-RxSwift */;
			targetProxy = 2B3A747F214F5C8D00EAEA39 /* PBXContainerItemProxy */;
		};
		2B3A748B214F5C8D00EAEA39 /* PBXTargetDependency */ = {
			isa = PBXTargetDependency;
			target = 2B3A7469214F5C8B00EAEA39 /* Count-RxSwift */;
			targetProxy = 2B3A748A214F5C8D00EAEA39 /* PBXContainerItemProxy */;
		};
/* End PBXTargetDependency section */

/* Begin PBXVariantGroup section */
		2B3A7471214F5C8B00EAEA39 /* Main.storyboard */ = {
			isa = PBXVariantGroup;
			children = (
				2B3A7472214F5C8B00EAEA39 /* Base */,
			);
			name = Main.storyboard;
			sourceTree = "<group>";
		};
		2B3A7476214F5C8D00EAEA39 /* LaunchScreen.storyboard */ = {
			isa = PBXVariantGroup;
			children = (
				2B3A7477214F5C8D00EAEA39 /* Base */,
			);
			name = LaunchScreen.storyboard;
			sourceTree = "<group>";
		};
/* End PBXVariantGroup section */

/* Begin XCBuildConfiguration section */
		2B3A7490214F5C8D00EAEA39 /* Debug */ = {
			isa = XCBuildConfiguration;
			buildSettings = {
				ALWAYS_SEARCH_USER_PATHS = NO;
				CLANG_ANALYZER_NONNULL = YES;
				CLANG_ANALYZER_NUMBER_OBJECT_CONVERSION = YES_AGGRESSIVE;
				CLANG_CXX_LANGUAGE_STANDARD = "gnu++14";
				CLANG_CXX_LIBRARY = "libc++";
				CLANG_ENABLE_MODULES = YES;
				CLANG_ENABLE_OBJC_ARC = YES;
				CLANG_ENABLE_OBJC_WEAK = YES;
				CLANG_WARN_BLOCK_CAPTURE_AUTORELEASING = YES;
				CLANG_WARN_BOOL_CONVERSION = YES;
				CLANG_WARN_COMMA = YES;
				CLANG_WARN_CONSTANT_CONVERSION = YES;
				CLANG_WARN_DEPRECATED_OBJC_IMPLEMENTATIONS = YES;
				CLANG_WARN_DIRECT_OBJC_ISA_USAGE = YES_ERROR;
				CLANG_WARN_DOCUMENTATION_COMMENTS = YES;
				CLANG_WARN_EMPTY_BODY = YES;
				CLANG_WARN_ENUM_CONVERSION = YES;
				CLANG_WARN_INFINITE_RECURSION = YES;
				CLANG_WARN_INT_CONVERSION = YES;
				CLANG_WARN_NON_LITERAL_NULL_CONVERSION = YES;
				CLANG_WARN_OBJC_IMPLICIT_RETAIN_SELF = YES;
				CLANG_WARN_OBJC_LITERAL_CONVERSION = YES;
				CLANG_WARN_OBJC_ROOT_CLASS = YES_ERROR;
				CLANG_WARN_RANGE_LOOP_ANALYSIS = YES;
				CLANG_WARN_STRICT_PROTOTYPES = YES;
				CLANG_WARN_SUSPICIOUS_MOVE = YES;
				CLANG_WARN_UNGUARDED_AVAILABILITY = YES_AGGRESSIVE;
				CLANG_WARN_UNREACHABLE_CODE = YES;
				CLANG_WARN__DUPLICATE_METHOD_MATCH = YES;
				CODE_SIGN_IDENTITY = "iPhone Developer";
				COPY_PHASE_STRIP = NO;
				DEBUG_INFORMATION_FORMAT = dwarf;
				ENABLE_STRICT_OBJC_MSGSEND = YES;
				ENABLE_TESTABILITY = YES;
				GCC_C_LANGUAGE_STANDARD = gnu11;
				GCC_DYNAMIC_NO_PIC = NO;
				GCC_NO_COMMON_BLOCKS = YES;
				GCC_OPTIMIZATION_LEVEL = 0;
				GCC_PREPROCESSOR_DEFINITIONS = (
					"DEBUG=1",
					"$(inherited)",
				);
				GCC_WARN_64_TO_32_BIT_CONVERSION = YES;
				GCC_WARN_ABOUT_RETURN_TYPE = YES_ERROR;
				GCC_WARN_UNDECLARED_SELECTOR = YES;
				GCC_WARN_UNINITIALIZED_AUTOS = YES_AGGRESSIVE;
				GCC_WARN_UNUSED_FUNCTION = YES;
				GCC_WARN_UNUSED_VARIABLE = YES;
				IPHONEOS_DEPLOYMENT_TARGET = 11.4;
				MTL_ENABLE_DEBUG_INFO = YES;
				ONLY_ACTIVE_ARCH = YES;
				SDKROOT = iphoneos;
				SWIFT_ACTIVE_COMPILATION_CONDITIONS = DEBUG;
				SWIFT_OPTIMIZATION_LEVEL = "-Onone";
			};
			name = Debug;
		};
		2B3A7491214F5C8D00EAEA39 /* Release */ = {
			isa = XCBuildConfiguration;
			buildSettings = {
				ALWAYS_SEARCH_USER_PATHS = NO;
				CLANG_ANALYZER_NONNULL = YES;
				CLANG_ANALYZER_NUMBER_OBJECT_CONVERSION = YES_AGGRESSIVE;
				CLANG_CXX_LANGUAGE_STANDARD = "gnu++14";
				CLANG_CXX_LIBRARY = "libc++";
				CLANG_ENABLE_MODULES = YES;
				CLANG_ENABLE_OBJC_ARC = YES;
				CLANG_ENABLE_OBJC_WEAK = YES;
				CLANG_WARN_BLOCK_CAPTURE_AUTORELEASING = YES;
				CLANG_WARN_BOOL_CONVERSION = YES;
				CLANG_WARN_COMMA = YES;
				CLANG_WARN_CONSTANT_CONVERSION = YES;
				CLANG_WARN_DEPRECATED_OBJC_IMPLEMENTATIONS = YES;
				CLANG_WARN_DIRECT_OBJC_ISA_USAGE = YES_ERROR;
				CLANG_WARN_DOCUMENTATION_COMMENTS = YES;
				CLANG_WARN_EMPTY_BODY = YES;
				CLANG_WARN_ENUM_CONVERSION = YES;
				CLANG_WARN_INFINITE_RECURSION = YES;
				CLANG_WARN_INT_CONVERSION = YES;
				CLANG_WARN_NON_LITERAL_NULL_CONVERSION = YES;
				CLANG_WARN_OBJC_IMPLICIT_RETAIN_SELF = YES;
				CLANG_WARN_OBJC_LITERAL_CONVERSION = YES;
				CLANG_WARN_OBJC_ROOT_CLASS = YES_ERROR;
				CLANG_WARN_RANGE_LOOP_ANALYSIS = YES;
				CLANG_WARN_STRICT_PROTOTYPES = YES;
				CLANG_WARN_SUSPICIOUS_MOVE = YES;
				CLANG_WARN_UNGUARDED_AVAILABILITY = YES_AGGRESSIVE;
				CLANG_WARN_UNREACHABLE_CODE = YES;
				CLANG_WARN__DUPLICATE_METHOD_MATCH = YES;
				CODE_SIGN_IDENTITY = "iPhone Developer";
				COPY_PHASE_STRIP = NO;
				DEBUG_INFORMATION_FORMAT = "dwarf-with-dsym";
				ENABLE_NS_ASSERTIONS = NO;
				ENABLE_STRICT_OBJC_MSGSEND = YES;
				GCC_C_LANGUAGE_STANDARD = gnu11;
				GCC_NO_COMMON_BLOCKS = YES;
				GCC_WARN_64_TO_32_BIT_CONVERSION = YES;
				GCC_WARN_ABOUT_RETURN_TYPE = YES_ERROR;
				GCC_WARN_UNDECLARED_SELECTOR = YES;
				GCC_WARN_UNINITIALIZED_AUTOS = YES_AGGRESSIVE;
				GCC_WARN_UNUSED_FUNCTION = YES;
				GCC_WARN_UNUSED_VARIABLE = YES;
				IPHONEOS_DEPLOYMENT_TARGET = 11.4;
				MTL_ENABLE_DEBUG_INFO = NO;
				SDKROOT = iphoneos;
				SWIFT_COMPILATION_MODE = wholemodule;
				SWIFT_OPTIMIZATION_LEVEL = "-O";
				VALIDATE_PRODUCT = YES;
			};
			name = Release;
		};
		2B3A7493214F5C8D00EAEA39 /* Debug */ = {
			isa = XCBuildConfiguration;
			baseConfigurationReference = 8DFBA7BCCEC366B1B01FA08B /* Pods-Count-RxSwift.debug.xcconfig */;
			buildSettings = {
				ASSETCATALOG_COMPILER_APPICON_NAME = AppIcon;
				CODE_SIGN_STYLE = Automatic;
				INFOPLIST_FILE = "Count-RxSwift/Info.plist";
				LD_RUNPATH_SEARCH_PATHS = (
					"$(inherited)",
					"@executable_path/Frameworks",
				);
				PRODUCT_BUNDLE_IDENTIFIER = "zhogehoge.Count-RxSwift";
				PRODUCT_NAME = "$(TARGET_NAME)";
				SWIFT_VERSION = 4.0;
				TARGETED_DEVICE_FAMILY = "1,2";
			};
			name = Debug;
		};
		2B3A7494214F5C8D00EAEA39 /* Release */ = {
			isa = XCBuildConfiguration;
			baseConfigurationReference = CE6BB263E20A4DADC2AA4EE4 /* Pods-Count-RxSwift.release.xcconfig */;
			buildSettings = {
				ASSETCATALOG_COMPILER_APPICON_NAME = AppIcon;
				CODE_SIGN_STYLE = Automatic;
				INFOPLIST_FILE = "Count-RxSwift/Info.plist";
				LD_RUNPATH_SEARCH_PATHS = (
					"$(inherited)",
					"@executable_path/Frameworks",
				);
				PRODUCT_BUNDLE_IDENTIFIER = "zhogehoge.Count-RxSwift";
				PRODUCT_NAME = "$(TARGET_NAME)";
				SWIFT_VERSION = 4.0;
				TARGETED_DEVICE_FAMILY = "1,2";
			};
			name = Release;
		};
		2B3A7496214F5C8D00EAEA39 /* Debug */ = {
			isa = XCBuildConfiguration;
			baseConfigurationReference = 54DD2B701CC95EBBCAC8A3CB /* Pods-Count-RxSwiftTests.debug.xcconfig */;
			buildSettings = {
				ALWAYS_EMBED_SWIFT_STANDARD_LIBRARIES = YES;
				BUNDLE_LOADER = "$(TEST_HOST)";
				CODE_SIGN_STYLE = Automatic;
				INFOPLIST_FILE = "Count-RxSwiftTests/Info.plist";
				LD_RUNPATH_SEARCH_PATHS = (
					"$(inherited)",
					"@executable_path/Frameworks",
					"@loader_path/Frameworks",
				);
				PRODUCT_BUNDLE_IDENTIFIER = "zhogehoge.Count-RxSwiftTests";
				PRODUCT_NAME = "$(TARGET_NAME)";
				SWIFT_VERSION = 4.0;
				TARGETED_DEVICE_FAMILY = "1,2";
				TEST_HOST = "$(BUILT_PRODUCTS_DIR)/Count-RxSwift.app/Count-RxSwift";
			};
			name = Debug;
		};
		2B3A7497214F5C8D00EAEA39 /* Release */ = {
			isa = XCBuildConfiguration;
			baseConfigurationReference = 048BD51BA1C8295536E0AE4B /* Pods-Count-RxSwiftTests.release.xcconfig */;
			buildSettings = {
				ALWAYS_EMBED_SWIFT_STANDARD_LIBRARIES = YES;
				BUNDLE_LOADER = "$(TEST_HOST)";
				CODE_SIGN_STYLE = Automatic;
				INFOPLIST_FILE = "Count-RxSwiftTests/Info.plist";
				LD_RUNPATH_SEARCH_PATHS = (
					"$(inherited)",
					"@executable_path/Frameworks",
					"@loader_path/Frameworks",
				);
				PRODUCT_BUNDLE_IDENTIFIER = "zhogehoge.Count-RxSwiftTests";
				PRODUCT_NAME = "$(TARGET_NAME)";
				SWIFT_VERSION = 4.0;
				TARGETED_DEVICE_FAMILY = "1,2";
				TEST_HOST = "$(BUILT_PRODUCTS_DIR)/Count-RxSwift.app/Count-RxSwift";
			};
			name = Release;
		};
		2B3A7499214F5C8D00EAEA39 /* Debug */ = {
			isa = XCBuildConfiguration;
			baseConfigurationReference = E03A56D93ACCEE90B428F6B8 /* Pods-Count-RxSwiftUITests.debug.xcconfig */;
			buildSettings = {
				ALWAYS_EMBED_SWIFT_STANDARD_LIBRARIES = YES;
				CODE_SIGN_STYLE = Automatic;
				INFOPLIST_FILE = "Count-RxSwiftUITests/Info.plist";
				LD_RUNPATH_SEARCH_PATHS = (
					"$(inherited)",
					"@executable_path/Frameworks",
					"@loader_path/Frameworks",
				);
				PRODUCT_BUNDLE_IDENTIFIER = "zhogehoge.Count-RxSwiftUITests";
				PRODUCT_NAME = "$(TARGET_NAME)";
				SWIFT_VERSION = 4.0;
				TARGETED_DEVICE_FAMILY = "1,2";
				TEST_TARGET_NAME = "Count-RxSwift";
			};
			name = Debug;
		};
		2B3A749A214F5C8D00EAEA39 /* Release */ = {
			isa = XCBuildConfiguration;
			baseConfigurationReference = AE94050FE970D212564A7474 /* Pods-Count-RxSwiftUITests.release.xcconfig */;
			buildSettings = {
				ALWAYS_EMBED_SWIFT_STANDARD_LIBRARIES = YES;
				CODE_SIGN_STYLE = Automatic;
				INFOPLIST_FILE = "Count-RxSwiftUITests/Info.plist";
				LD_RUNPATH_SEARCH_PATHS = (
					"$(inherited)",
					"@executable_path/Frameworks",
					"@loader_path/Frameworks",
				);
				PRODUCT_BUNDLE_IDENTIFIER = "zhogehoge.Count-RxSwiftUITests";
				PRODUCT_NAME = "$(TARGET_NAME)";
				SWIFT_VERSION = 4.0;
				TARGETED_DEVICE_FAMILY = "1,2";
				TEST_TARGET_NAME = "Count-RxSwift";
			};
			name = Release;
		};
/* End XCBuildConfiguration section */

/* Begin XCConfigurationList section */
		2B3A7465214F5C8B00EAEA39 /* Build configuration list for PBXProject "Count-RxSwift" */ = {
			isa = XCConfigurationList;
			buildConfigurations = (
				2B3A7490214F5C8D00EAEA39 /* Debug */,
				2B3A7491214F5C8D00EAEA39 /* Release */,
			);
			defaultConfigurationIsVisible = 0;
			defaultConfigurationName = Release;
		};
		2B3A7492214F5C8D00EAEA39 /* Build configuration list for PBXNativeTarget "Count-RxSwift" */ = {
			isa = XCConfigurationList;
			buildConfigurations = (
				2B3A7493214F5C8D00EAEA39 /* Debug */,
				2B3A7494214F5C8D00EAEA39 /* Release */,
			);
			defaultConfigurationIsVisible = 0;
			defaultConfigurationName = Release;
		};
		2B3A7495214F5C8D00EAEA39 /* Build configuration list for PBXNativeTarget "Count-RxSwiftTests" */ = {
			isa = XCConfigurationList;
			buildConfigurations = (
				2B3A7496214F5C8D00EAEA39 /* Debug */,
				2B3A7497214F5C8D00EAEA39 /* Release */,
			);
			defaultConfigurationIsVisible = 0;
			defaultConfigurationName = Release;
		};
		2B3A7498214F5C8D00EAEA39 /* Build configuration list for PBXNativeTarget "Count-RxSwiftUITests" */ = {
			isa = XCConfigurationList;
			buildConfigurations = (
				2B3A7499214F5C8D00EAEA39 /* Debug */,
				2B3A749A214F5C8D00EAEA39 /* Release */,
			);
			defaultConfigurationIsVisible = 0;
			defaultConfigurationName = Release;
		};
/* End XCConfigurationList section */
	};
	rootObject = 2B3A7462214F5C8B00EAEA39 /* Project object */;
}
