// !$*UTF8*$!
{
	archiveVersion = 1;
	classes = {
	};
	objectVersion = 52;
	objects = {

/* Begin PBXBuildFile section */
		192532C5293DEA6200BFD91F /* RxCocoa in Frameworks */ = {isa = PBXBuildFile; productRef = 192532C4293DEA6200BFD91F /* RxCocoa */; };
		192532C7293DEA6200BFD91F /* RxSwift in Frameworks */ = {isa = PBXBuildFile; productRef = 192532C6293DEA6200BFD91F /* RxSwift */; };
		19FC7E3B297C0CFC004CF904 /* CounterView.swift in Sources */ = {isa = PBXBuildFile; fileRef = 19FC7E3A297C0CFC004CF904 /* CounterView.swift */; };
		19FC7E3D297C0EC7004CF904 /* HomeViewController.swift in Sources */ = {isa = PBXBuildFile; fileRef = 19FC7E3C297C0EC7004CF904 /* HomeViewController.swift */; };
		19FC7E3F297C0ECF004CF904 /* HomeViewModel.swift in Sources */ = {isa = PBXBuildFile; fileRef = 19FC7E3E297C0ECF004CF904 /* HomeViewModel.swift */; };
		19FC7E43297C1830004CF904 /* CombineCounterViewController.swift in Sources */ = {isa = PBXBuildFile; fileRef = 19FC7E42297C1830004CF904 /* CombineCounterViewController.swift */; };
		19FC7E45297C1838004CF904 /* CombineCounterViewModel.swift in Sources */ = {isa = PBXBuildFile; fileRef = 19FC7E44297C1838004CF904 /* CombineCounterViewModel.swift */; };
		19FC7E48297C1C63004CF904 /* SnapKit in Frameworks */ = {isa = PBXBuildFile; productRef = 19FC7E47297C1C63004CF904 /* SnapKit */; };
		19FC7E4A297C46F3004CF904 /* CombineCounterViewModelTest.swift in Sources */ = {isa = PBXBuildFile; fileRef = 19FC7E49297C46F3004CF904 /* CombineCounterViewModelTest.swift */; };
		2B3A746E214F5C8B00EAEA39 /* AppDelegate.swift in Sources */ = {isa = PBXBuildFile; fileRef = 2B3A746D214F5C8B00EAEA39 /* AppDelegate.swift */; };
		2B3A7470214F5C8B00EAEA39 /* RxSwiftCounterViewController.swift in Sources */ = {isa = PBXBuildFile; fileRef = 2B3A746F214F5C8B00EAEA39 /* RxSwiftCounterViewController.swift */; };
		2B3A7475214F5C8D00EAEA39 /* Assets.xcassets in Resources */ = {isa = PBXBuildFile; fileRef = 2B3A7474214F5C8D00EAEA39 /* Assets.xcassets */; };
		2B3A7478214F5C8D00EAEA39 /* LaunchScreen.storyboard in Resources */ = {isa = PBXBuildFile; fileRef = 2B3A7476214F5C8D00EAEA39 /* LaunchScreen.storyboard */; };
		2B3A7483214F5C8D00EAEA39 /* Count_RxSwiftTests.swift in Sources */ = {isa = PBXBuildFile; fileRef = 2B3A7482214F5C8D00EAEA39 /* Count_RxSwiftTests.swift */; };
		2B3A748E214F5C8D00EAEA39 /* Count_RxSwiftUITests.swift in Sources */ = {isa = PBXBuildFile; fileRef = 2B3A748D214F5C8D00EAEA39 /* Count_RxSwiftUITests.swift */; };
		2B9E67C422CF4A50002E0197 /* RxSwiftCounterViewModel.swift in Sources */ = {isa = PBXBuildFile; fileRef = 2B9E67C322CF4A50002E0197 /* RxSwiftCounterViewModel.swift */; };
		2BC8EA3422D508D60038EDD0 /* CountModel.swift in Sources */ = {isa = PBXBuildFile; fileRef = 2BC8EA3322D508D60038EDD0 /* CountModel.swift */; };
		2BDF87672335FDB300C79FE8 /* ObservableType+extension.swift in Sources */ = {isa = PBXBuildFile; fileRef = 2BDF87662335FDB300C79FE8 /* ObservableType+extension.swift */; };
/* End PBXBuildFile section */

/* Begin PBXContainerItemProxy section */
		2B3A747F214F5C8D00EAEA39 /* PBXContainerItemProxy */ = {
			isa = PBXContainerItemProxy;
			containerPortal = 2B3A7462214F5C8B00EAEA39 /* Project object */;
			proxyType = 1;
			remoteGlobalIDString = 2B3A7469214F5C8B00EAEA39;
			remoteInfo = "Count-RxSwift";
		};
		2B3A748A214F5C8D00EAEA39 /* PBXContainerItemProxy */ = {
			isa = PBXContainerItemProxy;
			containerPortal = 2B3A7462214F5C8B00EAEA39 /* Project object */;
			proxyType = 1;
			remoteGlobalIDString = 2B3A7469214F5C8B00EAEA39;
			remoteInfo = "Count-RxSwift";
		};
/* End PBXContainerItemProxy section */

/* Begin PBXFileReference section */
		19FC7E3A297C0CFC004CF904 /* CounterView.swift */ = {isa = PBXFileReference; lastKnownFileType = sourcecode.swift; path = CounterView.swift; sourceTree = "<group>"; };
		19FC7E3C297C0EC7004CF904 /* HomeViewController.swift */ = {isa = PBXFileReference; lastKnownFileType = sourcecode.swift; path = HomeViewController.swift; sourceTree = "<group>"; };
		19FC7E3E297C0ECF004CF904 /* HomeViewModel.swift */ = {isa = PBXFileReference; lastKnownFileType = sourcecode.swift; path = HomeViewModel.swift; sourceTree = "<group>"; };
		19FC7E42297C1830004CF904 /* CombineCounterViewController.swift */ = {isa = PBXFileReference; lastKnownFileType = sourcecode.swift; path = CombineCounterViewController.swift; sourceTree = "<group>"; };
		19FC7E44297C1838004CF904 /* CombineCounterViewModel.swift */ = {isa = PBXFileReference; lastKnownFileType = sourcecode.swift; path = CombineCounterViewModel.swift; sourceTree = "<group>"; };
		19FC7E49297C46F3004CF904 /* CombineCounterViewModelTest.swift */ = {isa = PBXFileReference; lastKnownFileType = sourcecode.swift; path = CombineCounterViewModelTest.swift; sourceTree = "<group>"; };
		2B3A746A214F5C8B00EAEA39 /* Count-RxSwift.app */ = {isa = PBXFileReference; explicitFileType = wrapper.application; includeInIndex = 0; path = "Count-RxSwift.app"; sourceTree = BUILT_PRODUCTS_DIR; };
		2B3A746D214F5C8B00EAEA39 /* AppDelegate.swift */ = {isa = PBXFileReference; lastKnownFileType = sourcecode.swift; path = AppDelegate.swift; sourceTree = "<group>"; };
		2B3A746F214F5C8B00EAEA39 /* RxSwiftCounterViewController.swift */ = {isa = PBXFileReference; lastKnownFileType = sourcecode.swift; path = RxSwiftCounterViewController.swift; sourceTree = "<group>"; };
		2B3A7474214F5C8D00EAEA39 /* Assets.xcassets */ = {isa = PBXFileReference; lastKnownFileType = folder.assetcatalog; path = Assets.xcassets; sourceTree = "<group>"; };
		2B3A7477214F5C8D00EAEA39 /* Base */ = {isa = PBXFileReference; lastKnownFileType = file.storyboard; name = Base; path = Base.lproj/LaunchScreen.storyboard; sourceTree = "<group>"; };
		2B3A7479214F5C8D00EAEA39 /* Info.plist */ = {isa = PBXFileReference; lastKnownFileType = text.plist.xml; path = Info.plist; sourceTree = "<group>"; };
		2B3A747E214F5C8D00EAEA39 /* Count-RxSwiftTests.xctest */ = {isa = PBXFileReference; explicitFileType = wrapper.cfbundle; includeInIndex = 0; path = "Count-RxSwiftTests.xctest"; sourceTree = BUILT_PRODUCTS_DIR; };
		2B3A7482214F5C8D00EAEA39 /* Count_RxSwiftTests.swift */ = {isa = PBXFileReference; lastKnownFileType = sourcecode.swift; path = Count_RxSwiftTests.swift; sourceTree = "<group>"; };
		2B3A7484214F5C8D00EAEA39 /* Info.plist */ = {isa = PBXFileReference; lastKnownFileType = text.plist.xml; path = Info.plist; sourceTree = "<group>"; };
		2B3A7489214F5C8D00EAEA39 /* Count-RxSwiftUITests.xctest */ = {isa = PBXFileReference; explicitFileType = wrapper.cfbundle; includeInIndex = 0; path = "Count-RxSwiftUITests.xctest"; sourceTree = BUILT_PRODUCTS_DIR; };
		2B3A748D214F5C8D00EAEA39 /* Count_RxSwiftUITests.swift */ = {isa = PBXFileReference; lastKnownFileType = sourcecode.swift; path = Count_RxSwiftUITests.swift; sourceTree = "<group>"; };
		2B3A748F214F5C8D00EAEA39 /* Info.plist */ = {isa = PBXFileReference; lastKnownFileType = text.plist.xml; path = Info.plist; sourceTree = "<group>"; };
		2B9E67C322CF4A50002E0197 /* RxSwiftCounterViewModel.swift */ = {isa = PBXFileReference; lastKnownFileType = sourcecode.swift; path = RxSwiftCounterViewModel.swift; sourceTree = "<group>"; };
		2BC8EA3322D508D60038EDD0 /* CountModel.swift */ = {isa = PBXFileReference; lastKnownFileType = sourcecode.swift; path = CountModel.swift; sourceTree = "<group>"; };
		2BDF87662335FDB300C79FE8 /* ObservableType+extension.swift */ = {isa = PBXFileReference; lastKnownFileType = sourcecode.swift; path = "ObservableType+extension.swift"; sourceTree = "<group>"; };
/* End PBXFileReference section */

/* Begin PBXFrameworksBuildPhase section */
		2B3A7467214F5C8B00EAEA39 /* Frameworks */ = {
			isa = PBXFrameworksBuildPhase;
			buildActionMask = 2147483647;
			files = (
				19FC7E48297C1C63004CF904 /* SnapKit in Frameworks */,
				192532C7293DEA6200BFD91F /* RxSwift in Frameworks */,
				192532C5293DEA6200BFD91F /* RxCocoa in Frameworks */,
			);
			runOnlyForDeploymentPostprocessing = 0;
		};
		2B3A747B214F5C8D00EAEA39 /* Frameworks */ = {
			isa = PBXFrameworksBuildPhase;
			buildActionMask = 2147483647;
			files = (
			);
			runOnlyForDeploymentPostprocessing = 0;
		};
		2B3A7486214F5C8D00EAEA39 /* Frameworks */ = {
			isa = PBXFrameworksBuildPhase;
			buildActionMask = 2147483647;
			files = (
			);
			runOnlyForDeploymentPostprocessing = 0;
		};
/* End PBXFrameworksBuildPhase section */

/* Begin PBXGroup section */
		19FC7E36297C0BE2004CF904 /* RxSwift */ = {
			isa = PBXGroup;
			children = (
				2BDF87662335FDB300C79FE8 /* ObservableType+extension.swift */,
				2B3A746F214F5C8B00EAEA39 /* RxSwiftCounterViewController.swift */,
				2B9E67C322CF4A50002E0197 /* RxSwiftCounterViewModel.swift */,
				2BC8EA3322D508D60038EDD0 /* CountModel.swift */,
			);
			path = RxSwift;
			sourceTree = "<group>";
		};
		19FC7E37297C0CB3004CF904 /* Home */ = {
			isa = PBXGroup;
			children = (
				19FC7E3C297C0EC7004CF904 /* HomeViewController.swift */,
				19FC7E3E297C0ECF004CF904 /* HomeViewModel.swift */,
			);
			path = Home;
			sourceTree = "<group>";
		};
		19FC7E38297C0CC7004CF904 /* Combine */ = {
			isa = PBXGroup;
			children = (
				19FC7E42297C1830004CF904 /* CombineCounterViewController.swift */,
				19FC7E44297C1838004CF904 /* CombineCounterViewModel.swift */,
				19FC7E49297C46F3004CF904 /* CombineCounterViewModelTest.swift */,
			);
			path = Combine;
			sourceTree = "<group>";
		};
		19FC7E39297C0CE5004CF904 /* CommonViews */ = {
			isa = PBXGroup;
			children = (
				19FC7E3A297C0CFC004CF904 /* CounterView.swift */,
			);
			path = CommonViews;
			sourceTree = "<group>";
		};
		2B3A7461214F5C8B00EAEA39 = {
			isa = PBXGroup;
			children = (
				2B3A746C214F5C8B00EAEA39 /* Count-RxSwift */,
				2B3A7481214F5C8D00EAEA39 /* Count-RxSwiftTests */,
				2B3A748C214F5C8D00EAEA39 /* Count-RxSwiftUITests */,
				2B3A746B214F5C8B00EAEA39 /* Products */,
			);
			sourceTree = "<group>";
		};
		2B3A746B214F5C8B00EAEA39 /* Products */ = {
			isa = PBXGroup;
			children = (
				2B3A746A214F5C8B00EAEA39 /* Count-RxSwift.app */,
				2B3A747E214F5C8D00EAEA39 /* Count-RxSwiftTests.xctest */,
				2B3A7489214F5C8D00EAEA39 /* Count-RxSwiftUITests.xctest */,
			);
			name = Products;
			sourceTree = "<group>";
		};
		2B3A746C214F5C8B00EAEA39 /* Count-RxSwift */ = {
			isa = PBXGroup;
			children = (
				2B3A746D214F5C8B00EAEA39 /* AppDelegate.swift */,
				19FC7E37297C0CB3004CF904 /* Home */,
				19FC7E38297C0CC7004CF904 /* Combine */,
				19FC7E36297C0BE2004CF904 /* RxSwift */,
				19FC7E39297C0CE5004CF904 /* CommonViews */,
				2B3A7476214F5C8D00EAEA39 /* LaunchScreen.storyboard */,
				2B3A7474214F5C8D00EAEA39 /* Assets.xcassets */,
				2B3A7479214F5C8D00EAEA39 /* Info.plist */,
			);
			path = "Count-RxSwift";
			sourceTree = "<group>";
		};
		2B3A7481214F5C8D00EAEA39 /* Count-RxSwiftTests */ = {
			isa = PBXGroup;
			children = (
				2B3A7482214F5C8D00EAEA39 /* Count_RxSwiftTests.swift */,
				2B3A7484214F5C8D00EAEA39 /* Info.plist */,
			);
			path = "Count-RxSwiftTests";
			sourceTree = "<group>";
		};
		2B3A748C214F5C8D00EAEA39 /* Count-RxSwiftUITests */ = {
			isa = PBXGroup;
			children = (
				2B3A748D214F5C8D00EAEA39 /* Count_RxSwiftUITests.swift */,
				2B3A748F214F5C8D00EAEA39 /* Info.plist */,
			);
			path = "Count-RxSwiftUITests";
			sourceTree = "<group>";
		};
/* End PBXGroup section */

/* Begin PBXNativeTarget section */
		2B3A7469214F5C8B00EAEA39 /* Count-RxSwift */ = {
			isa = PBXNativeTarget;
			buildConfigurationList = 2B3A7492214F5C8D00EAEA39 /* Build configuration list for PBXNativeTarget "Count-RxSwift" */;
			buildPhases = (
				2B3A7466214F5C8B00EAEA39 /* Sources */,
				2B3A7467214F5C8B00EAEA39 /* Frameworks */,
				2B3A7468214F5C8B00EAEA39 /* Resources */,
			);
			buildRules = (
			);
			dependencies = (
			);
			name = "Count-RxSwift";
			packageProductDependencies = (
				192532C4293DEA6200BFD91F /* RxCocoa */,
				192532C6293DEA6200BFD91F /* RxSwift */,
				19FC7E47297C1C63004CF904 /* SnapKit */,
			);
			productName = "Count-RxSwift";
			productReference = 2B3A746A214F5C8B00EAEA39 /* Count-RxSwift.app */;
			productType = "com.apple.product-type.application";
		};
		2B3A747D214F5C8D00EAEA39 /* Count-RxSwiftTests */ = {
			isa = PBXNativeTarget;
			buildConfigurationList = 2B3A7495214F5C8D00EAEA39 /* Build configuration list for PBXNativeTarget "Count-RxSwiftTests" */;
			buildPhases = (
				2B3A747A214F5C8D00EAEA39 /* Sources */,
				2B3A747B214F5C8D00EAEA39 /* Frameworks */,
				2B3A747C214F5C8D00EAEA39 /* Resources */,
			);
			buildRules = (
			);
			dependencies = (
				2B3A7480214F5C8D00EAEA39 /* PBXTargetDependency */,
			);
			name = "Count-RxSwiftTests";
			productName = "Count-RxSwiftTests";
			productReference = 2B3A747E214F5C8D00EAEA39 /* Count-RxSwiftTests.xctest */;
			productType = "com.apple.product-type.bundle.unit-test";
		};
		2B3A7488214F5C8D00EAEA39 /* Count-RxSwiftUITests */ = {
			isa = PBXNativeTarget;
			buildConfigurationList = 2B3A7498214F5C8D00EAEA39 /* Build configuration list for PBXNativeTarget "Count-RxSwiftUITests" */;
			buildPhases = (
				2B3A7485214F5C8D00EAEA39 /* Sources */,
				2B3A7486214F5C8D00EAEA39 /* Frameworks */,
				2B3A7487214F5C8D00EAEA39 /* Resources */,
			);
			buildRules = (
			);
			dependencies = (
				2B3A748B214F5C8D00EAEA39 /* PBXTargetDependency */,
			);
			name = "Count-RxSwiftUITests";
			productName = "Count-RxSwiftUITests";
			productReference = 2B3A7489214F5C8D00EAEA39 /* Count-RxSwiftUITests.xctest */;
			productType = "com.apple.product-type.bundle.ui-testing";
		};
/* End PBXNativeTarget section */

/* Begin PBXProject section */
		2B3A7462214F5C8B00EAEA39 /* Project object */ = {
			isa = PBXProject;
			attributes = {
				LastSwiftUpdateCheck = 0940;
				LastUpgradeCheck = 0940;
				ORGANIZATIONNAME = "Satoshi Komatsu";
				TargetAttributes = {
					2B3A7469214F5C8B00EAEA39 = {
						CreatedOnToolsVersion = 9.4.1;
					};
					2B3A747D214F5C8D00EAEA39 = {
						CreatedOnToolsVersion = 9.4.1;
						TestTargetID = 2B3A7469214F5C8B00EAEA39;
					};
					2B3A7488214F5C8D00EAEA39 = {
						CreatedOnToolsVersion = 9.4.1;
						TestTargetID = 2B3A7469214F5C8B00EAEA39;
					};
				};
			};
			buildConfigurationList = 2B3A7465214F5C8B00EAEA39 /* Build configuration list for PBXProject "Count-RxSwift" */;
			compatibilityVersion = "Xcode 9.3";
			developmentRegion = en;
			hasScannedForEncodings = 0;
			knownRegions = (
				en,
				Base,
			);
			mainGroup = 2B3A7461214F5C8B00EAEA39;
			packageReferences = (
				192532C3293DEA6200BFD91F /* XCRemoteSwiftPackageReference "RxSwift" */,
				19FC7E46297C1C63004CF904 /* XCRemoteSwiftPackageReference "SnapKit" */,
			);
			productRefGroup = 2B3A746B214F5C8B00EAEA39 /* Products */;
			projectDirPath = "";
			projectRoot = "";
			targets = (
				2B3A7469214F5C8B00EAEA39 /* Count-RxSwift */,
				2B3A747D214F5C8D00EAEA39 /* Count-RxSwiftTests */,
				2B3A7488214F5C8D00EAEA39 /* Count-RxSwiftUITests */,
			);
		};
/* End PBXProject section */

/* Begin PBXResourcesBuildPhase section */
		2B3A7468214F5C8B00EAEA39 /* Resources */ = {
			isa = PBXResourcesBuildPhase;
			buildActionMask = 2147483647;
			files = (
				2B3A7478214F5C8D00EAEA39 /* LaunchScreen.storyboard in Resources */,
				2B3A7475214F5C8D00EAEA39 /* Assets.xcassets in Resources */,
			);
			runOnlyForDeploymentPostprocessing = 0;
		};
		2B3A747C214F5C8D00EAEA39 /* Resources */ = {
			isa = PBXResourcesBuildPhase;
			buildActionMask = 2147483647;
			files = (
			);
			runOnlyForDeploymentPostprocessing = 0;
		};
		2B3A7487214F5C8D00EAEA39 /* Resources */ = {
			isa = PBXResourcesBuildPhase;
			buildActionMask = 2147483647;
			files = (
			);
			runOnlyForDeploymentPostprocessing = 0;
		};
/* End PBXResourcesBuildPhase section */

/* Begin PBXSourcesBuildPhase section */
		2B3A7466214F5C8B00EAEA39 /* Sources */ = {
			isa = PBXSourcesBuildPhase;
			buildActionMask = 2147483647;
			files = (
				2B3A7470214F5C8B00EAEA39 /* RxSwiftCounterViewController.swift in Sources */,
				2BC8EA3422D508D60038EDD0 /* CountModel.swift in Sources */,
				19FC7E43297C1830004CF904 /* CombineCounterViewController.swift in Sources */,
				2B9E67C422CF4A50002E0197 /* RxSwiftCounterViewModel.swift in Sources */,
				19FC7E45297C1838004CF904 /* CombineCounterViewModel.swift in Sources */,
				19FC7E3F297C0ECF004CF904 /* HomeViewModel.swift in Sources */,
				2B3A746E214F5C8B00EAEA39 /* AppDelegate.swift in Sources */,
				2BDF87672335FDB300C79FE8 /* ObservableType+extension.swift in Sources */,
				19FC7E3D297C0EC7004CF904 /* HomeViewController.swift in Sources */,
				19FC7E3B297C0CFC004CF904 /* CounterView.swift in Sources */,
			);
			runOnlyForDeploymentPostprocessing = 0;
		};
		2B3A747A214F5C8D00EAEA39 /* Sources */ = {
			isa = PBXSourcesBuildPhase;
			buildActionMask = 2147483647;
			files = (
				2B3A7483214F5C8D00EAEA39 /* Count_RxSwiftTests.swift in Sources */,
				19FC7E4A297C46F3004CF904 /* CombineCounterViewModelTest.swift in Sources */,
			);
			runOnlyForDeploymentPostprocessing = 0;
		};
		2B3A7485214F5C8D00EAEA39 /* Sources */ = {
			isa = PBXSourcesBuildPhase;
			buildActionMask = 2147483647;
			files = (
				2B3A748E214F5C8D00EAEA39 /* Count_RxSwiftUITests.swift in Sources */,
			);
			runOnlyForDeploymentPostprocessing = 0;
		};
/* End PBXSourcesBuildPhase section */

/* Begin PBXTargetDependency section */
		2B3A7480214F5C8D00EAEA39 /* PBXTargetDependency */ = {
			isa = PBXTargetDependency;
			target = 2B3A7469214F5C8B00EAEA39 /* Count-RxSwift */;
			targetProxy = 2B3A747F214F5C8D00EAEA39 /* PBXContainerItemProxy */;
		};
		2B3A748B214F5C8D00EAEA39 /* PBXTargetDependency */ = {
			isa = PBXTargetDependency;
			target = 2B3A7469214F5C8B00EAEA39 /* Count-RxSwift */;
			targetProxy = 2B3A748A214F5C8D00EAEA39 /* PBXContainerItemProxy */;
		};
/* End PBXTargetDependency section */

/* Begin PBXVariantGroup section */
		2B3A7476214F5C8D00EAEA39 /* LaunchScreen.storyboard */ = {
			isa = PBXVariantGroup;
			children = (
				2B3A7477214F5C8D00EAEA39 /* Base */,
			);
			name = LaunchScreen.storyboard;
			sourceTree = "<group>";
		};
/* End PBXVariantGroup section */

/* Begin XCBuildConfiguration section */
		2B3A7490214F5C8D00EAEA39 /* Debug */ = {
			isa = XCBuildConfiguration;
			buildSettings = {
				ALWAYS_SEARCH_USER_PATHS = NO;
				CLANG_ANALYZER_NONNULL = YES;
				CLANG_ANALYZER_NUMBER_OBJECT_CONVERSION = YES_AGGRESSIVE;
				CLANG_CXX_LANGUAGE_STANDARD = "gnu++14";
				CLANG_CXX_LIBRARY = "libc++";
				CLANG_ENABLE_MODULES = YES;
				CLANG_ENABLE_OBJC_ARC = YES;
				CLANG_ENABLE_OBJC_WEAK = YES;
				CLANG_WARN_BLOCK_CAPTURE_AUTORELEASING = YES;
				CLANG_WARN_BOOL_CONVERSION = YES;
				CLANG_WARN_COMMA = YES;
				CLANG_WARN_CONSTANT_CONVERSION = YES;
				CLANG_WARN_DEPRECATED_OBJC_IMPLEMENTATIONS = YES;
				CLANG_WARN_DIRECT_OBJC_ISA_USAGE = YES_ERROR;
				CLANG_WARN_DOCUMENTATION_COMMENTS = YES;
				CLANG_WARN_EMPTY_BODY = YES;
				CLANG_WARN_ENUM_CONVERSION = YES;
				CLANG_WARN_INFINITE_RECURSION = YES;
				CLANG_WARN_INT_CONVERSION = YES;
				CLANG_WARN_NON_LITERAL_NULL_CONVERSION = YES;
				CLANG_WARN_OBJC_IMPLICIT_RETAIN_SELF = YES;
				CLANG_WARN_OBJC_LITERAL_CONVERSION = YES;
				CLANG_WARN_OBJC_ROOT_CLASS = YES_ERROR;
				CLANG_WARN_RANGE_LOOP_ANALYSIS = YES;
				CLANG_WARN_STRICT_PROTOTYPES = YES;
				CLANG_WARN_SUSPICIOUS_MOVE = YES;
				CLANG_WARN_UNGUARDED_AVAILABILITY = YES_AGGRESSIVE;
				CLANG_WARN_UNREACHABLE_CODE = YES;
				CLANG_WARN__DUPLICATE_METHOD_MATCH = YES;
				CODE_SIGN_IDENTITY = "iPhone Developer";
				COPY_PHASE_STRIP = NO;
				DEBUG_INFORMATION_FORMAT = dwarf;
				ENABLE_STRICT_OBJC_MSGSEND = YES;
				ENABLE_TESTABILITY = YES;
				GCC_C_LANGUAGE_STANDARD = gnu11;
				GCC_DYNAMIC_NO_PIC = NO;
				GCC_NO_COMMON_BLOCKS = YES;
				GCC_OPTIMIZATION_LEVEL = 0;
				GCC_PREPROCESSOR_DEFINITIONS = (
					"DEBUG=1",
					"$(inherited)",
				);
				GCC_WARN_64_TO_32_BIT_CONVERSION = YES;
				GCC_WARN_ABOUT_RETURN_TYPE = YES_ERROR;
				GCC_WARN_UNDECLARED_SELECTOR = YES;
				GCC_WARN_UNINITIALIZED_AUTOS = YES_AGGRESSIVE;
				GCC_WARN_UNUSED_FUNCTION = YES;
				GCC_WARN_UNUSED_VARIABLE = YES;
				IPHONEOS_DEPLOYMENT_TARGET = 11.4;
				MTL_ENABLE_DEBUG_INFO = YES;
				ONLY_ACTIVE_ARCH = YES;
				SDKROOT = iphoneos;
				SWIFT_ACTIVE_COMPILATION_CONDITIONS = DEBUG;
				SWIFT_OPTIMIZATION_LEVEL = "-Onone";
			};
			name = Debug;
		};
		2B3A7491214F5C8D00EAEA39 /* Release */ = {
			isa = XCBuildConfiguration;
			buildSettings = {
				ALWAYS_SEARCH_USER_PATHS = NO;
				CLANG_ANALYZER_NONNULL = YES;
				CLANG_ANALYZER_NUMBER_OBJECT_CONVERSION = YES_AGGRESSIVE;
				CLANG_CXX_LANGUAGE_STANDARD = "gnu++14";
				CLANG_CXX_LIBRARY = "libc++";
				CLANG_ENABLE_MODULES = YES;
				CLANG_ENABLE_OBJC_ARC = YES;
				CLANG_ENABLE_OBJC_WEAK = YES;
				CLANG_WARN_BLOCK_CAPTURE_AUTORELEASING = YES;
				CLANG_WARN_BOOL_CONVERSION = YES;
				CLANG_WARN_COMMA = YES;
				CLANG_WARN_CONSTANT_CONVERSION = YES;
				CLANG_WARN_DEPRECATED_OBJC_IMPLEMENTATIONS = YES;
				CLANG_WARN_DIRECT_OBJC_ISA_USAGE = YES_ERROR;
				CLANG_WARN_DOCUMENTATION_COMMENTS = YES;
				CLANG_WARN_EMPTY_BODY = YES;
				CLANG_WARN_ENUM_CONVERSION = YES;
				CLANG_WARN_INFINITE_RECURSION = YES;
				CLANG_WARN_INT_CONVERSION = YES;
				CLANG_WARN_NON_LITERAL_NULL_CONVERSION = YES;
				CLANG_WARN_OBJC_IMPLICIT_RETAIN_SELF = YES;
				CLANG_WARN_OBJC_LITERAL_CONVERSION = YES;
				CLANG_WARN_OBJC_ROOT_CLASS = YES_ERROR;
				CLANG_WARN_RANGE_LOOP_ANALYSIS = YES;
				CLANG_WARN_STRICT_PROTOTYPES = YES;
				CLANG_WARN_SUSPICIOUS_MOVE = YES;
				CLANG_WARN_UNGUARDED_AVAILABILITY = YES_AGGRESSIVE;
				CLANG_WARN_UNREACHABLE_CODE = YES;
				CLANG_WARN__DUPLICATE_METHOD_MATCH = YES;
				CODE_SIGN_IDENTITY = "iPhone Developer";
				COPY_PHASE_STRIP = NO;
				DEBUG_INFORMATION_FORMAT = "dwarf-with-dsym";
				ENABLE_NS_ASSERTIONS = NO;
				ENABLE_STRICT_OBJC_MSGSEND = YES;
				GCC_C_LANGUAGE_STANDARD = gnu11;
				GCC_NO_COMMON_BLOCKS = YES;
				GCC_WARN_64_TO_32_BIT_CONVERSION = YES;
				GCC_WARN_ABOUT_RETURN_TYPE = YES_ERROR;
				GCC_WARN_UNDECLARED_SELECTOR = YES;
				GCC_WARN_UNINITIALIZED_AUTOS = YES_AGGRESSIVE;
				GCC_WARN_UNUSED_FUNCTION = YES;
				GCC_WARN_UNUSED_VARIABLE = YES;
				IPHONEOS_DEPLOYMENT_TARGET = 11.4;
				MTL_ENABLE_DEBUG_INFO = NO;
				SDKROOT = iphoneos;
				SWIFT_COMPILATION_MODE = wholemodule;
				SWIFT_OPTIMIZATION_LEVEL = "-O";
				VALIDATE_PRODUCT = YES;
			};
			name = Release;
		};
		2B3A7493214F5C8D00EAEA39 /* Debug */ = {
			isa = XCBuildConfiguration;
			buildSettings = {
				ASSETCATALOG_COMPILER_APPICON_NAME = AppIcon;
				CODE_SIGN_STYLE = Automatic;
				INFOPLIST_FILE = "Count-RxSwift/Info.plist";
				IPHONEOS_DEPLOYMENT_TARGET = 16.0;
				LD_RUNPATH_SEARCH_PATHS = (
					"$(inherited)",
					"@executable_path/Frameworks",
				);
				PRODUCT_BUNDLE_IDENTIFIER = "zhogehoge.Count-RxSwift";
				PRODUCT_NAME = "$(TARGET_NAME)";
				SWIFT_VERSION = 4.0;
				TARGETED_DEVICE_FAMILY = "1,2";
			};
			name = Debug;
		};
		2B3A7494214F5C8D00EAEA39 /* Release */ = {
			isa = XCBuildConfiguration;
			buildSettings = {
				ASSETCATALOG_COMPILER_APPICON_NAME = AppIcon;
				CODE_SIGN_STYLE = Automatic;
				INFOPLIST_FILE = "Count-RxSwift/Info.plist";
				IPHONEOS_DEPLOYMENT_TARGET = 16.0;
				LD_RUNPATH_SEARCH_PATHS = (
					"$(inherited)",
					"@executable_path/Frameworks",
				);
				PRODUCT_BUNDLE_IDENTIFIER = "zhogehoge.Count-RxSwift";
				PRODUCT_NAME = "$(TARGET_NAME)";
				SWIFT_VERSION = 4.0;
				TARGETED_DEVICE_FAMILY = "1,2";
			};
			name = Release;
		};
		2B3A7496214F5C8D00EAEA39 /* Debug */ = {
			isa = XCBuildConfiguration;
			buildSettings = {
				ALWAYS_EMBED_SWIFT_STANDARD_LIBRARIES = YES;
				BUNDLE_LOADER = "$(TEST_HOST)";
				CODE_SIGN_STYLE = Automatic;
				INFOPLIST_FILE = "Count-RxSwiftTests/Info.plist";
				IPHONEOS_DEPLOYMENT_TARGET = 16.0;
				LD_RUNPATH_SEARCH_PATHS = (
					"$(inherited)",
					"@executable_path/Frameworks",
					"@loader_path/Frameworks",
				);
				PRODUCT_BUNDLE_IDENTIFIER = "zhogehoge.Count-RxSwiftTests";
				PRODUCT_NAME = "$(TARGET_NAME)";
				SWIFT_VERSION = 4.0;
				TARGETED_DEVICE_FAMILY = "1,2";
				TEST_HOST = "$(BUILT_PRODUCTS_DIR)/Count-RxSwift.app/Count-RxSwift";
			};
			name = Debug;
		};
		2B3A7497214F5C8D00EAEA39 /* Release */ = {
			isa = XCBuildConfiguration;
			buildSettings = {
				ALWAYS_EMBED_SWIFT_STANDARD_LIBRARIES = YES;
				BUNDLE_LOADER = "$(TEST_HOST)";
				CODE_SIGN_STYLE = Automatic;
				INFOPLIST_FILE = "Count-RxSwiftTests/Info.plist";
				IPHONEOS_DEPLOYMENT_TARGET = 16.0;
				LD_RUNPATH_SEARCH_PATHS = (
					"$(inherited)",
					"@executable_path/Frameworks",
					"@loader_path/Frameworks",
				);
				PRODUCT_BUNDLE_IDENTIFIER = "zhogehoge.Count-RxSwiftTests";
				PRODUCT_NAME = "$(TARGET_NAME)";
				SWIFT_VERSION = 4.0;
				TARGETED_DEVICE_FAMILY = "1,2";
				TEST_HOST = "$(BUILT_PRODUCTS_DIR)/Count-RxSwift.app/Count-RxSwift";
			};
			name = Release;
		};
		2B3A7499214F5C8D00EAEA39 /* Debug */ = {
			isa = XCBuildConfiguration;
			buildSettings = {
				ALWAYS_EMBED_SWIFT_STANDARD_LIBRARIES = YES;
				CODE_SIGN_STYLE = Automatic;
				INFOPLIST_FILE = "Count-RxSwiftUITests/Info.plist";
				LD_RUNPATH_SEARCH_PATHS = (
					"$(inherited)",
					"@executable_path/Frameworks",
					"@loader_path/Frameworks",
				);
				PRODUCT_BUNDLE_IDENTIFIER = "zhogehoge.Count-RxSwiftUITests";
				PRODUCT_NAME = "$(TARGET_NAME)";
				SWIFT_VERSION = 4.0;
				TARGETED_DEVICE_FAMILY = "1,2";
				TEST_TARGET_NAME = "Count-RxSwift";
			};
			name = Debug;
		};
		2B3A749A214F5C8D00EAEA39 /* Release */ = {
			isa = XCBuildConfiguration;
			buildSettings = {
				ALWAYS_EMBED_SWIFT_STANDARD_LIBRARIES = YES;
				CODE_SIGN_STYLE = Automatic;
				INFOPLIST_FILE = "Count-RxSwiftUITests/Info.plist";
				LD_RUNPATH_SEARCH_PATHS = (
					"$(inherited)",
					"@executable_path/Frameworks",
					"@loader_path/Frameworks",
				);
				PRODUCT_BUNDLE_IDENTIFIER = "zhogehoge.Count-RxSwiftUITests";
				PRODUCT_NAME = "$(TARGET_NAME)";
				SWIFT_VERSION = 4.0;
				TARGETED_DEVICE_FAMILY = "1,2";
				TEST_TARGET_NAME = "Count-RxSwift";
			};
			name = Release;
		};
/* End XCBuildConfiguration section */

/* Begin XCConfigurationList section */
		2B3A7465214F5C8B00EAEA39 /* Build configuration list for PBXProject "Count-RxSwift" */ = {
			isa = XCConfigurationList;
			buildConfigurations = (
				2B3A7490214F5C8D00EAEA39 /* Debug */,
				2B3A7491214F5C8D00EAEA39 /* Release */,
			);
			defaultConfigurationIsVisible = 0;
			defaultConfigurationName = Release;
		};
		2B3A7492214F5C8D00EAEA39 /* Build configuration list for PBXNativeTarget "Count-RxSwift" */ = {
			isa = XCConfigurationList;
			buildConfigurations = (
				2B3A7493214F5C8D00EAEA39 /* Debug */,
				2B3A7494214F5C8D00EAEA39 /* Release */,
			);
			defaultConfigurationIsVisible = 0;
			defaultConfigurationName = Release;
		};
		2B3A7495214F5C8D00EAEA39 /* Build configuration list for PBXNativeTarget "Count-RxSwiftTests" */ = {
			isa = XCConfigurationList;
			buildConfigurations = (
				2B3A7496214F5C8D00EAEA39 /* Debug */,
				2B3A7497214F5C8D00EAEA39 /* Release */,
			);
			defaultConfigurationIsVisible = 0;
			defaultConfigurationName = Release;
		};
		2B3A7498214F5C8D00EAEA39 /* Build configuration list for PBXNativeTarget "Count-RxSwiftUITests" */ = {
			isa = XCConfigurationList;
			buildConfigurations = (
				2B3A7499214F5C8D00EAEA39 /* Debug */,
				2B3A749A214F5C8D00EAEA39 /* Release */,
			);
			defaultConfigurationIsVisible = 0;
			defaultConfigurationName = Release;
		};
/* End XCConfigurationList section */

/* Begin XCRemoteSwiftPackageReference section */
		192532C3293DEA6200BFD91F /* XCRemoteSwiftPackageReference "RxSwift" */ = {
			isa = XCRemoteSwiftPackageReference;
			repositoryURL = "https://github.com/ReactiveX/RxSwift";
			requirement = {
				kind = exactVersion;
				version = 4.2.0;
			};
		};
		19FC7E46297C1C63004CF904 /* XCRemoteSwiftPackageReference "SnapKit" */ = {
			isa = XCRemoteSwiftPackageReference;
			repositoryURL = "https://github.com/SnapKit/SnapKit.git";
			requirement = {
				branch = develop;
				kind = branch;
			};
		};
/* End XCRemoteSwiftPackageReference section */

/* Begin XCSwiftPackageProductDependency section */
		192532C4293DEA6200BFD91F /* RxCocoa */ = {
			isa = XCSwiftPackageProductDependency;
			package = 192532C3293DEA6200BFD91F /* XCRemoteSwiftPackageReference "RxSwift" */;
			productName = RxCocoa;
		};
		192532C6293DEA6200BFD91F /* RxSwift */ = {
			isa = XCSwiftPackageProductDependency;
			package = 192532C3293DEA6200BFD91F /* XCRemoteSwiftPackageReference "RxSwift" */;
			productName = RxSwift;
		};
		19FC7E47297C1C63004CF904 /* SnapKit */ = {
			isa = XCSwiftPackageProductDependency;
			package = 19FC7E46297C1C63004CF904 /* XCRemoteSwiftPackageReference "SnapKit" */;
			productName = SnapKit;
		};
/* End XCSwiftPackageProductDependency section */
	};
	rootObject = 2B3A7462214F5C8B00EAEA39 /* Project object */;
}
